
Microsoft Visual Studio Solution File, Format Version 12.00
# Visual Studio Version 17
VisualStudioVersion = 17.5.002.0
MinimumVisualStudioVersion = 10.0.40219.1
Project("{2150E333-8FDC-42A3-9474-1A3956D46DE8}") = "solutions", "solutions", "{599FC6E8-5553-44BD-ACCC-3621C5BE64E4}"
EndProject
Project("{9A19103F-16F7-4668-BE54-9A1E7A4F7556}") = "ProductApi", "solutions\ProductApi\ProductApi.csproj", "{2F4F0D6D-9F04-4401-92CA-AEB2E8587E37}"
EndProject
Global
	GlobalSection(SolutionConfigurationPlatforms) = preSolution
		Debug|Any CPU = Debug|Any CPU
		Release|Any CPU = Release|Any CPU
	EndGlobalSection
	GlobalSection(ProjectConfigurationPlatforms) = postSolution
		{2F4F0D6D-9F04-4401-92CA-AEB2E8587E37}.Debug|Any CPU.ActiveCfg = Debug|Any CPU
		{2F4F0D6D-9F04-4401-92CA-AEB2E8587E37}.Debug|Any CPU.Build.0 = Debug|Any CPU
		{2F4F0D6D-9F04-4401-92CA-AEB2E8587E37}.Release|Any CPU.ActiveCfg = Release|Any CPU
		{2F4F0D6D-9F04-4401-92CA-AEB2E8587E37}.Release|Any CPU.Build.0 = Release|Any CPU
	EndGlobalSection
	GlobalSection(SolutionProperties) = preSolution
		HideSolutionNode = FALSE
	EndGlobalSection
	GlobalSection(NestedProjects) = preSolution
		{2F4F0D6D-9F04-4401-92CA-AEB2E8587E37} = {599FC6E8-5553-44BD-ACCC-3621C5BE64E4}
	EndGlobalSection
	GlobalSection(ExtensibilityGlobals) = postSolution
		SolutionGuid = {3BF1EE33-D15F-481B-A5CD-DA1CD2A10243}
	EndGlobalSection
EndGlobal
