
Microsoft Visual Studio Solution File, Format Version 12.00
# Visual Studio Version 17
VisualStudioVersion = 17.5.002.0
MinimumVisualStudioVersion = 10.0.40219.1
Project("{2150E333-8FDC-42A3-9474-1A3956D46DE8}") = "solutions", "solutions", "{A8733FE7-290F-4992-B32A-9474EABA1726}"
EndProject
Project("{9A19103F-16F7-4668-BE54-9A1E7A4F7556}") = "ProductApi", "solutions\ProductApi\ProductApi.csproj", "{F2A6260D-9A7E-4AA1-B68B-0C94DB64DE0B}"
EndProject
Global
	GlobalSection(SolutionConfigurationPlatforms) = preSolution
		Debug|Any CPU = Debug|Any CPU
		Release|Any CPU = Release|Any CPU
	EndGlobalSection
	GlobalSection(ProjectConfigurationPlatforms) = postSolution
		{F2A6260D-9A7E-4AA1-B68B-0C94DB64DE0B}.Debug|Any CPU.ActiveCfg = Debug|Any CPU
		{F2A6260D-9A7E-4AA1-B68B-0C94DB64DE0B}.Debug|Any CPU.Build.0 = Debug|Any CPU
		{F2A6260D-9A7E-4AA1-B68B-0C94DB64DE0B}.Release|Any CPU.ActiveCfg = Release|Any CPU
		{F2A6260D-9A7E-4AA1-B68B-0C94DB64DE0B}.Release|Any CPU.Build.0 = Release|Any CPU
	EndGlobalSection
	GlobalSection(SolutionProperties) = preSolution
		HideSolutionNode = FALSE
	EndGlobalSection
	GlobalSection(NestedProjects) = preSolution
		{F2A6260D-9A7E-4AA1-B68B-0C94DB64DE0B} = {A8733FE7-290F-4992-B32A-9474EABA1726}
	EndGlobalSection
	GlobalSection(ExtensibilityGlobals) = postSolution
		SolutionGuid = {3BF1EE33-D15F-481B-A5CD-DA1CD2A10243}
	EndGlobalSection
EndGlobal
